{
  "name": "@hexlet/code",
  "version": "1.0.0",
  "lockfileVersion": 2,
  "requires": true,
  "packages": {
    "": {
      "name": "@hexlet/code",
      "version": "1.0.0",
      "license": "ISC",
      "dependencies": {
        "makefile": "^0.0.2"
      }
    },
    "node_modules/makefile": {
      "version": "0.0.2",
      "resolved": "https://registry.npmjs.org/makefile/-/makefile-0.0.2.tgz",
      "integrity": "sha1-KEOBkv60vIAtf7/gtuaEe8VPedU=",
      "bin": {
        "makefile": "bin/makefile.js"
      }
    }
  },
  "dependencies": {
    "makefile": {
      "version": "0.0.2",
      "resolved": "https://registry.npmjs.org/makefile/-/makefile-0.0.2.tgz",
      "integrity": "sha1-KEOBkv60vIAtf7/gtuaEe8VPedU="
    }
  }
}
